
Microsoft Visual Studio Solution File, Format Version 12.00
# Visual Studio Version 16
VisualStudioVersion = 16.0.32802.440
MinimumVisualStudioVersion = 10.0.40219.1
Project("{FAE04EC0-301F-11D3-BF4B-00C04F79EFBC}") = "libRnMiCiudad", "libRnMiCiudad\libRnMiCiudad.csproj", "{8B88D40C-6ECF-434B-AEBF-551CA9E0C2A7}"
EndProject
Global
	GlobalSection(SolutionConfigurationPlatforms) = preSolution
		Debug|Any CPU = Debug|Any CPU
		Release|Any CPU = Release|Any CPU
	EndGlobalSection
	GlobalSection(ProjectConfigurationPlatforms) = postSolution
		{8B88D40C-6ECF-434B-AEBF-551CA9E0C2A7}.Debug|Any CPU.ActiveCfg = Debug|Any CPU
		{8B88D40C-6ECF-434B-AEBF-551CA9E0C2A7}.Debug|Any CPU.Build.0 = Debug|Any CPU
		{8B88D40C-6ECF-434B-AEBF-551CA9E0C2A7}.Release|Any CPU.ActiveCfg = Release|Any CPU
		{8B88D40C-6ECF-434B-AEBF-551CA9E0C2A7}.Release|Any CPU.Build.0 = Release|Any CPU
	EndGlobalSection
	GlobalSection(SolutionProperties) = preSolution
		HideSolutionNode = FALSE
	EndGlobalSection
	GlobalSection(ExtensibilityGlobals) = postSolution
		SolutionGuid = {A424C026-A306-4BD0-93AA-07705D29F366}
	EndGlobalSection
EndGlobal
